
Microsoft Visual Studio Solution File, Format Version 12.00
# Visual Studio Version 16
VisualStudioVersion = 16.0.31424.327
MinimumVisualStudioVersion = 10.0.40219.1
Project("{FAE04EC0-301F-11D3-BF4B-00C04F79EFBC}") = "Week7.EquazioneGrado2.Test", "Week7.EquazioneGrado2.Test\Week7.EquazioneGrado2.Test.csproj", "{0FD63F0E-97DB-484F-B86C-D4E8D6EC6D7E}"
EndProject
Project("{FAE04EC0-301F-11D3-BF4B-00C04F79EFBC}") = "Week7.Equazione.Core", "Equazione\Week7.Equazione.Core.csproj", "{FF841670-108B-4B0F-9F02-B1CE7CEDDB34}"
EndProject
Global
	GlobalSection(SolutionConfigurationPlatforms) = preSolution
		Debug|Any CPU = Debug|Any CPU
		Release|Any CPU = Release|Any CPU
	EndGlobalSection
	GlobalSection(ProjectConfigurationPlatforms) = postSolution
		{0FD63F0E-97DB-484F-B86C-D4E8D6EC6D7E}.Debug|Any CPU.ActiveCfg = Debug|Any CPU
		{0FD63F0E-97DB-484F-B86C-D4E8D6EC6D7E}.Debug|Any CPU.Build.0 = Debug|Any CPU
		{0FD63F0E-97DB-484F-B86C-D4E8D6EC6D7E}.Release|Any CPU.ActiveCfg = Release|Any CPU
		{0FD63F0E-97DB-484F-B86C-D4E8D6EC6D7E}.Release|Any CPU.Build.0 = Release|Any CPU
		{FF841670-108B-4B0F-9F02-B1CE7CEDDB34}.Debug|Any CPU.ActiveCfg = Debug|Any CPU
		{FF841670-108B-4B0F-9F02-B1CE7CEDDB34}.Debug|Any CPU.Build.0 = Debug|Any CPU
		{FF841670-108B-4B0F-9F02-B1CE7CEDDB34}.Release|Any CPU.ActiveCfg = Release|Any CPU
		{FF841670-108B-4B0F-9F02-B1CE7CEDDB34}.Release|Any CPU.Build.0 = Release|Any CPU
	EndGlobalSection
	GlobalSection(SolutionProperties) = preSolution
		HideSolutionNode = FALSE
	EndGlobalSection
	GlobalSection(ExtensibilityGlobals) = postSolution
		SolutionGuid = {A3313731-0E6F-49A7-8B67-07A98E927C50}
	EndGlobalSection
EndGlobal
